
Microsoft Visual Studio Solution File, Format Version 12.00
# Visual Studio Version 16
VisualStudioVersion = 16.0.31515.178
MinimumVisualStudioVersion = 10.0.40219.1
Project("{9A19103F-16F7-4668-BE54-9A1E7A4F7556}") = "OOP", "OOP\OOP.csproj", "{A7F65437-E62F-44C2-9752-22FA8D00EC09}"
EndProject
Project("{2150E333-8FDC-42A3-9474-1A3956D46DE8}") = "01 - OOP", "01 - OOP", "{1DA68A74-D5AB-4A7F-91E3-9B8981CF5635}"
EndProject
Project("{2150E333-8FDC-42A3-9474-1A3956D46DE8}") = "02 - Modificadores", "02 - Modificadores", "{A920C4D9-98A1-45E3-B958-0DE78E5899AC}"
EndProject
Project("{2150E333-8FDC-42A3-9474-1A3956D46DE8}") = "03 - SOLID", "03 - SOLID", "{017E992C-5BD6-40A9-BC7F-06AFDF8CCC98}"
EndProject
Project("{2150E333-8FDC-42A3-9474-1A3956D46DE8}") = "04 - DI", "04 - DI", "{DCFA1FBD-C1BA-4533-913D-95A3940E5B20}"
EndProject
Project("{2150E333-8FDC-42A3-9474-1A3956D46DE8}") = "05 - Design Patterns", "05 - Design Patterns", "{4F8EDE59-DC59-48BB-95D9-C5D2540E7F94}"
EndProject
Project("{9A19103F-16F7-4668-BE54-9A1E7A4F7556}") = "ProjetoA", "Modificadores\ProjetoA\ProjetoA.csproj", "{607635DE-B09B-4ED1-ADAF-62E178B9CD3A}"
EndProject
Project("{9A19103F-16F7-4668-BE54-9A1E7A4F7556}") = "ProjetoB", "Modificadores\ProjetoB\ProjetoB.csproj", "{C6D9AD79-124A-4377-B6A0-BA49AE08DB1E}"
EndProject
Project("{9A19103F-16F7-4668-BE54-9A1E7A4F7556}") = "SOLID", "SOLID\SOLID.csproj", "{E7120D4B-CC3E-4DEC-83F6-EB6AC05BBDA0}"
EndProject
Project("{9A19103F-16F7-4668-BE54-9A1E7A4F7556}") = "Desenvolvedor.IO.DI", "Desenvolvedor.IO.DI\Desenvolvedor.IO.DI.csproj", "{CA549961-4DAD-489B-AC22-6BFCE8403B75}"
EndProject
Project("{FAE04EC0-301F-11D3-BF4B-00C04F79EFBC}") = "DesignPatterns", "DesignPatterns\DesignPatterns.csproj", "{D600F8A0-8F5D-4920-B062-BFD7125E7F55}"
EndProject
Global
	GlobalSection(SolutionConfigurationPlatforms) = preSolution
		Debug|Any CPU = Debug|Any CPU
		Release|Any CPU = Release|Any CPU
	EndGlobalSection
	GlobalSection(ProjectConfigurationPlatforms) = postSolution
		{A7F65437-E62F-44C2-9752-22FA8D00EC09}.Debug|Any CPU.ActiveCfg = Debug|Any CPU
		{A7F65437-E62F-44C2-9752-22FA8D00EC09}.Debug|Any CPU.Build.0 = Debug|Any CPU
		{A7F65437-E62F-44C2-9752-22FA8D00EC09}.Release|Any CPU.ActiveCfg = Release|Any CPU
		{A7F65437-E62F-44C2-9752-22FA8D00EC09}.Release|Any CPU.Build.0 = Release|Any CPU
		{607635DE-B09B-4ED1-ADAF-62E178B9CD3A}.Debug|Any CPU.ActiveCfg = Debug|Any CPU
		{607635DE-B09B-4ED1-ADAF-62E178B9CD3A}.Debug|Any CPU.Build.0 = Debug|Any CPU
		{607635DE-B09B-4ED1-ADAF-62E178B9CD3A}.Release|Any CPU.ActiveCfg = Release|Any CPU
		{607635DE-B09B-4ED1-ADAF-62E178B9CD3A}.Release|Any CPU.Build.0 = Release|Any CPU
		{C6D9AD79-124A-4377-B6A0-BA49AE08DB1E}.Debug|Any CPU.ActiveCfg = Debug|Any CPU
		{C6D9AD79-124A-4377-B6A0-BA49AE08DB1E}.Debug|Any CPU.Build.0 = Debug|Any CPU
		{C6D9AD79-124A-4377-B6A0-BA49AE08DB1E}.Release|Any CPU.ActiveCfg = Release|Any CPU
		{C6D9AD79-124A-4377-B6A0-BA49AE08DB1E}.Release|Any CPU.Build.0 = Release|Any CPU
		{E7120D4B-CC3E-4DEC-83F6-EB6AC05BBDA0}.Debug|Any CPU.ActiveCfg = Debug|Any CPU
		{E7120D4B-CC3E-4DEC-83F6-EB6AC05BBDA0}.Debug|Any CPU.Build.0 = Debug|Any CPU
		{E7120D4B-CC3E-4DEC-83F6-EB6AC05BBDA0}.Release|Any CPU.ActiveCfg = Release|Any CPU
		{E7120D4B-CC3E-4DEC-83F6-EB6AC05BBDA0}.Release|Any CPU.Build.0 = Release|Any CPU
		{CA549961-4DAD-489B-AC22-6BFCE8403B75}.Debug|Any CPU.ActiveCfg = Debug|Any CPU
		{CA549961-4DAD-489B-AC22-6BFCE8403B75}.Debug|Any CPU.Build.0 = Debug|Any CPU
		{CA549961-4DAD-489B-AC22-6BFCE8403B75}.Release|Any CPU.ActiveCfg = Release|Any CPU
		{CA549961-4DAD-489B-AC22-6BFCE8403B75}.Release|Any CPU.Build.0 = Release|Any CPU
		{D600F8A0-8F5D-4920-B062-BFD7125E7F55}.Debug|Any CPU.ActiveCfg = Debug|Any CPU
		{D600F8A0-8F5D-4920-B062-BFD7125E7F55}.Debug|Any CPU.Build.0 = Debug|Any CPU
		{D600F8A0-8F5D-4920-B062-BFD7125E7F55}.Release|Any CPU.ActiveCfg = Release|Any CPU
		{D600F8A0-8F5D-4920-B062-BFD7125E7F55}.Release|Any CPU.Build.0 = Release|Any CPU
	EndGlobalSection
	GlobalSection(SolutionProperties) = preSolution
		HideSolutionNode = FALSE
	EndGlobalSection
	GlobalSection(NestedProjects) = preSolution
		{A7F65437-E62F-44C2-9752-22FA8D00EC09} = {1DA68A74-D5AB-4A7F-91E3-9B8981CF5635}
		{607635DE-B09B-4ED1-ADAF-62E178B9CD3A} = {A920C4D9-98A1-45E3-B958-0DE78E5899AC}
		{C6D9AD79-124A-4377-B6A0-BA49AE08DB1E} = {A920C4D9-98A1-45E3-B958-0DE78E5899AC}
		{E7120D4B-CC3E-4DEC-83F6-EB6AC05BBDA0} = {017E992C-5BD6-40A9-BC7F-06AFDF8CCC98}
		{CA549961-4DAD-489B-AC22-6BFCE8403B75} = {DCFA1FBD-C1BA-4533-913D-95A3940E5B20}
		{D600F8A0-8F5D-4920-B062-BFD7125E7F55} = {4F8EDE59-DC59-48BB-95D9-C5D2540E7F94}
	EndGlobalSection
	GlobalSection(ExtensibilityGlobals) = postSolution
		SolutionGuid = {972A2E34-1E74-48C1-8FAC-0D93130EAEA2}
	EndGlobalSection
EndGlobal
